
Microsoft Visual Studio Solution File, Format Version 12.00
# Visual Studio Version 16
VisualStudioVersion = 16.0.31829.152
MinimumVisualStudioVersion = 10.0.40219.1
Project("{FAE04EC0-301F-11D3-BF4B-00C04F79EFBC}") = "Portfolio.Blazor", "Portfolio.Blazor.csproj", "{58788255-F35E-4809-95AE-5D928EAD82DC}"
EndProject
Global
	GlobalSection(SolutionConfigurationPlatforms) = preSolution
		Debug|Any CPU = Debug|Any CPU
		Release|Any CPU = Release|Any CPU
	EndGlobalSection
	GlobalSection(ProjectConfigurationPlatforms) = postSolution
		{58788255-F35E-4809-95AE-5D928EAD82DC}.Debug|Any CPU.ActiveCfg = Debug|Any CPU
		{58788255-F35E-4809-95AE-5D928EAD82DC}.Debug|Any CPU.Build.0 = Debug|Any CPU
		{58788255-F35E-4809-95AE-5D928EAD82DC}.Release|Any CPU.ActiveCfg = Release|Any CPU
		{58788255-F35E-4809-95AE-5D928EAD82DC}.Release|Any CPU.Build.0 = Release|Any CPU
	EndGlobalSection
	GlobalSection(SolutionProperties) = preSolution
		HideSolutionNode = FALSE
	EndGlobalSection
	GlobalSection(ExtensibilityGlobals) = postSolution
		SolutionGuid = {9F87CB96-23E2-4948-B6B5-62A29D1B8254}
	EndGlobalSection
EndGlobal
